lockfileVersion: '9.0'

settings:
  autoInstallPeers: true
  excludeLinksFromLockfile: false

importers:

  .:
    dependencies:
      '@effect/platform':
        specifier: ^0.84.3
        version: 0.84.3(effect@3.16.2)
      '@effect/platform-node':
        specifier: ^0.83.3
        version: 0.83.3(@effect/cluster@0.36.3(@effect/platform@0.84.3(effect@3.16.2))(@effect/rpc@0.61.3(@effect/platform@0.84.3(effect@3.16.2))(effect@3.16.2))(@effect/sql@0.37.3(@effect/experimental@0.48.3(@effect/platform@0.84.3(effect@3.16.2))(effect@3.16.2))(@effect/platform@0.84.3(effect@3.16.2))(effect@3.16.2))(effect@3.16.2))(@effect/platform@0.84.3(effect@3.16.2))(@effect/rpc@0.61.3(@effect/platform@0.84.3(effect@3.16.2))(effect@3.16.2))(@effect/sql@0.37.3(@effect/experimental@0.48.3(@effect/platform@0.84.3(effect@3.16.2))(effect@3.16.2))(@effect/platform@0.84.3(effect@3.16.2))(effect@3.16.2))(effect@3.16.2)
      '@types/node':
        specifier: ^22.15.18
        version: 22.15.18
      discord.js:
        specifier: ^14.19.3
        version: 14.19.3
      effect:
        specifier: ^3.16.2
        version: 3.16.2
    devDependencies:
      dotenv-cli:
        specifier: ^8.0.0
        version: 8.0.0
      tsx:
        specifier: ^4.19.4
        version: 4.19.4
      typescript:
        specifier: ^5.8.3
        version: 5.8.3

packages:

  '@discordjs/builders@1.11.2':
    resolution: {integrity: sha512-F1WTABdd8/R9D1icJzajC4IuLyyS8f3rTOz66JsSI3pKvpCAtsMBweu8cyNYsIyvcrKAVn9EPK+Psoymq+XC0A==}
    engines: {node: '>=16.11.0'}

  '@discordjs/collection@1.5.3':
    resolution: {integrity: sha512-SVb428OMd3WO1paV3rm6tSjM4wC+Kecaa1EUGX7vc6/fddvw/6lg90z4QtCqm21zvVe92vMMDt9+DkIvjXImQQ==}
    engines: {node: '>=16.11.0'}

  '@discordjs/collection@2.1.1':
    resolution: {integrity: sha512-LiSusze9Tc7qF03sLCujF5iZp7K+vRNEDBZ86FT9aQAv3vxMLihUvKvpsCWiQ2DJq1tVckopKm1rxomgNUc9hg==}
    engines: {node: '>=18'}

  '@discordjs/formatters@0.6.1':
    resolution: {integrity: sha512-5cnX+tASiPCqCWtFcFslxBVUaCetB0thvM/JyavhbXInP1HJIEU+Qv/zMrnuwSsX3yWH2lVXNJZeDK3EiP4HHg==}
    engines: {node: '>=16.11.0'}

  '@discordjs/rest@2.5.0':
    resolution: {integrity: sha512-PWhchxTzpn9EV3vvPRpwS0EE2rNYB9pvzDU/eLLW3mByJl0ZHZjHI2/wA8EbH2gRMQV7nu+0FoDF84oiPl8VAQ==}
    engines: {node: '>=18'}

  '@discordjs/util@1.1.1':
    resolution: {integrity: sha512-eddz6UnOBEB1oITPinyrB2Pttej49M9FZQY8NxgEvc3tq6ZICZ19m70RsmzRdDHk80O9NoYN/25AqJl8vPVf/g==}
    engines: {node: '>=18'}

  '@discordjs/ws@1.2.2':
    resolution: {integrity: sha512-dyfq7yn0wO0IYeYOs3z79I6/HumhmKISzFL0Z+007zQJMtAFGtt3AEoq1nuLXtcunUE5YYYQqgKvybXukAK8/w==}
    engines: {node: '>=16.11.0'}

  '@effect/cluster@0.36.3':
    resolution: {integrity: sha512-y7w5gKwUIWuTcT6y00Uh1E4UPfF0eAQB4McD4u7w0G26lm/oKwIa3O5MKcGIPQ+jzSmoDEdNTCwgtVxlhpxZiQ==}
    peerDependencies:
      '@effect/platform': ^0.84.3
      '@effect/rpc': ^0.61.3
      '@effect/sql': ^0.37.3
      effect: ^3.16.2

  '@effect/experimental@0.48.3':
    resolution: {integrity: sha512-k5/rDrqIj9ftjy+9nY8jk3pnbYPLc2Jqm8uqnABWhaZYwNZuttODF2WIF7uDAkZce9pY64Cnb9pfDT15riso6Q==}
    peerDependencies:
      '@effect/platform': ^0.84.3
      effect: ^3.16.2
      ioredis: ^5
      lmdb: ^3
    peerDependenciesMeta:
      ioredis:
        optional: true
      lmdb:
        optional: true

  '@effect/platform-node-shared@0.37.3':
    resolution: {integrity: sha512-TdTJemt43TO8qSV1zbewrIvG4opYWPkAVcA2AgDdkRfR6pt49GOO038LI4/q7+htcY69wWt5ZAmh0Gvp5EKqIw==}
    peerDependencies:
      '@effect/cluster': ^0.36.3
      '@effect/platform': ^0.84.3
      '@effect/rpc': ^0.61.3
      '@effect/sql': ^0.37.3
      effect: ^3.16.2

  '@effect/platform-node@0.83.3':
    resolution: {integrity: sha512-8rwBXz1LkWS0pQRYhiXdEvD3jwXA/ZI4oiE8xwZio+supDKy3tvQ+DmDHKThifYbU43uroJkLPPWY3PxnVWtYA==}
    peerDependencies:
      '@effect/cluster': ^0.36.3
      '@effect/platform': ^0.84.3
      '@effect/rpc': ^0.61.3
      '@effect/sql': ^0.37.3
      effect: ^3.16.2

  '@effect/platform@0.84.3':
    resolution: {integrity: sha512-XllmJA72oK9W81roMLRkxKfkoVA4oKBDjJs9Qz+42FK5IuA2jtzbt0f8L1lWZeHhmogIaWe0Ux8ObhdoGAvnJA==}
    peerDependencies:
      effect: ^3.16.2

  '@effect/rpc@0.61.3':
    resolution: {integrity: sha512-4pr6s8QeMm6wC8yN7xB66s6UqCOCZu15ZsctG+hT1dFIfveI7oUff6sbbsfHJqPzF6RJVX6JuDfPo0JUdsgA+Q==}
    peerDependencies:
      '@effect/platform': ^0.84.3
      effect: ^3.16.2

  '@effect/sql@0.37.3':
    resolution: {integrity: sha512-I9qsZULo0g+YckR2qC0qzFPs8p8QyE3I2wurItb1oqFYx6P07mwEuzMuZqTI5uHtCgVELGEscCEMvwZrl1/mJQ==}
    peerDependencies:
      '@effect/experimental': ^0.48.3
      '@effect/platform': ^0.84.3
      effect: ^3.16.2

  '@esbuild/aix-ppc64@0.25.4':
    resolution: {integrity: sha512-1VCICWypeQKhVbE9oW/sJaAmjLxhVqacdkvPLEjwlttjfwENRSClS8EjBz0KzRyFSCPDIkuXW34Je/vk7zdB7Q==}
    engines: {node: '>=18'}
    cpu: [ppc64]
    os: [aix]

  '@esbuild/android-arm64@0.25.4':
    resolution: {integrity: sha512-bBy69pgfhMGtCnwpC/x5QhfxAz/cBgQ9enbtwjf6V9lnPI/hMyT9iWpR1arm0l3kttTr4L0KSLpKmLp/ilKS9A==}
    engines: {node: '>=18'}
    cpu: [arm64]
    os: [android]

  '@esbuild/android-arm@0.25.4':
    resolution: {integrity: sha512-QNdQEps7DfFwE3hXiU4BZeOV68HHzYwGd0Nthhd3uCkkEKK7/R6MTgM0P7H7FAs5pU/DIWsviMmEGxEoxIZ+ZQ==}
    engines: {node: '>=18'}
    cpu: [arm]
    os: [android]

  '@esbuild/android-x64@0.25.4':
    resolution: {integrity: sha512-TVhdVtQIFuVpIIR282btcGC2oGQoSfZfmBdTip2anCaVYcqWlZXGcdcKIUklfX2wj0JklNYgz39OBqh2cqXvcQ==}
    engines: {node: '>=18'}
    cpu: [x64]
    os: [android]

  '@esbuild/darwin-arm64@0.25.4':
    resolution: {integrity: sha512-Y1giCfM4nlHDWEfSckMzeWNdQS31BQGs9/rouw6Ub91tkK79aIMTH3q9xHvzH8d0wDru5Ci0kWB8b3up/nl16g==}
    engines: {node: '>=18'}
    cpu: [arm64]
    os: [darwin]

  '@esbuild/darwin-x64@0.25.4':
    resolution: {integrity: sha512-CJsry8ZGM5VFVeyUYB3cdKpd/H69PYez4eJh1W/t38vzutdjEjtP7hB6eLKBoOdxcAlCtEYHzQ/PJ/oU9I4u0A==}
    engines: {node: '>=18'}
    cpu: [x64]
    os: [darwin]

  '@esbuild/freebsd-arm64@0.25.4':
    resolution: {integrity: sha512-yYq+39NlTRzU2XmoPW4l5Ifpl9fqSk0nAJYM/V/WUGPEFfek1epLHJIkTQM6bBs1swApjO5nWgvr843g6TjxuQ==}
    engines: {node: '>=18'}
    cpu: [arm64]
    os: [freebsd]

  '@esbuild/freebsd-x64@0.25.4':
    resolution: {integrity: sha512-0FgvOJ6UUMflsHSPLzdfDnnBBVoCDtBTVyn/MrWloUNvq/5SFmh13l3dvgRPkDihRxb77Y17MbqbCAa2strMQQ==}
    engines: {node: '>=18'}
    cpu: [x64]
    os: [freebsd]

  '@esbuild/linux-arm64@0.25.4':
    resolution: {integrity: sha512-+89UsQTfXdmjIvZS6nUnOOLoXnkUTB9hR5QAeLrQdzOSWZvNSAXAtcRDHWtqAUtAmv7ZM1WPOOeSxDzzzMogiQ==}
    engines: {node: '>=18'}
    cpu: [arm64]
    os: [linux]

  '@esbuild/linux-arm@0.25.4':
    resolution: {integrity: sha512-kro4c0P85GMfFYqW4TWOpvmF8rFShbWGnrLqlzp4X1TNWjRY3JMYUfDCtOxPKOIY8B0WC8HN51hGP4I4hz4AaQ==}
    engines: {node: '>=18'}
    cpu: [arm]
    os: [linux]

  '@esbuild/linux-ia32@0.25.4':
    resolution: {integrity: sha512-yTEjoapy8UP3rv8dB0ip3AfMpRbyhSN3+hY8mo/i4QXFeDxmiYbEKp3ZRjBKcOP862Ua4b1PDfwlvbuwY7hIGQ==}
    engines: {node: '>=18'}
    cpu: [ia32]
    os: [linux]

  '@esbuild/linux-loong64@0.25.4':
    resolution: {integrity: sha512-NeqqYkrcGzFwi6CGRGNMOjWGGSYOpqwCjS9fvaUlX5s3zwOtn1qwg1s2iE2svBe4Q/YOG1q6875lcAoQK/F4VA==}
    engines: {node: '>=18'}
    cpu: [loong64]
    os: [linux]

  '@esbuild/linux-mips64el@0.25.4':
    resolution: {integrity: sha512-IcvTlF9dtLrfL/M8WgNI/qJYBENP3ekgsHbYUIzEzq5XJzzVEV/fXY9WFPfEEXmu3ck2qJP8LG/p3Q8f7Zc2Xg==}
    engines: {node: '>=18'}
    cpu: [mips64el]
    os: [linux]

  '@esbuild/linux-ppc64@0.25.4':
    resolution: {integrity: sha512-HOy0aLTJTVtoTeGZh4HSXaO6M95qu4k5lJcH4gxv56iaycfz1S8GO/5Jh6X4Y1YiI0h7cRyLi+HixMR+88swag==}
    engines: {node: '>=18'}
    cpu: [ppc64]
    os: [linux]

  '@esbuild/linux-riscv64@0.25.4':
    resolution: {integrity: sha512-i8JUDAufpz9jOzo4yIShCTcXzS07vEgWzyX3NH2G7LEFVgrLEhjwL3ajFE4fZI3I4ZgiM7JH3GQ7ReObROvSUA==}
    engines: {node: '>=18'}
    cpu: [riscv64]
    os: [linux]

  '@esbuild/linux-s390x@0.25.4':
    resolution: {integrity: sha512-jFnu+6UbLlzIjPQpWCNh5QtrcNfMLjgIavnwPQAfoGx4q17ocOU9MsQ2QVvFxwQoWpZT8DvTLooTvmOQXkO51g==}
    engines: {node: '>=18'}
    cpu: [s390x]
    os: [linux]

  '@esbuild/linux-x64@0.25.4':
    resolution: {integrity: sha512-6e0cvXwzOnVWJHq+mskP8DNSrKBr1bULBvnFLpc1KY+d+irZSgZ02TGse5FsafKS5jg2e4pbvK6TPXaF/A6+CA==}
    engines: {node: '>=18'}
    cpu: [x64]
    os: [linux]

  '@esbuild/netbsd-arm64@0.25.4':
    resolution: {integrity: sha512-vUnkBYxZW4hL/ie91hSqaSNjulOnYXE1VSLusnvHg2u3jewJBz3YzB9+oCw8DABeVqZGg94t9tyZFoHma8gWZQ==}
    engines: {node: '>=18'}
    cpu: [arm64]
    os: [netbsd]

  '@esbuild/netbsd-x64@0.25.4':
    resolution: {integrity: sha512-XAg8pIQn5CzhOB8odIcAm42QsOfa98SBeKUdo4xa8OvX8LbMZqEtgeWE9P/Wxt7MlG2QqvjGths+nq48TrUiKw==}
    engines: {node: '>=18'}
    cpu: [x64]
    os: [netbsd]

  '@esbuild/openbsd-arm64@0.25.4':
    resolution: {integrity: sha512-Ct2WcFEANlFDtp1nVAXSNBPDxyU+j7+tId//iHXU2f/lN5AmO4zLyhDcpR5Cz1r08mVxzt3Jpyt4PmXQ1O6+7A==}
    engines: {node: '>=18'}
    cpu: [arm64]
    os: [openbsd]

  '@esbuild/openbsd-x64@0.25.4':
    resolution: {integrity: sha512-xAGGhyOQ9Otm1Xu8NT1ifGLnA6M3sJxZ6ixylb+vIUVzvvd6GOALpwQrYrtlPouMqd/vSbgehz6HaVk4+7Afhw==}
    engines: {node: '>=18'}
    cpu: [x64]
    os: [openbsd]

  '@esbuild/sunos-x64@0.25.4':
    resolution: {integrity: sha512-Mw+tzy4pp6wZEK0+Lwr76pWLjrtjmJyUB23tHKqEDP74R3q95luY/bXqXZeYl4NYlvwOqoRKlInQialgCKy67Q==}
    engines: {node: '>=18'}
    cpu: [x64]
    os: [sunos]

  '@esbuild/win32-arm64@0.25.4':
    resolution: {integrity: sha512-AVUP428VQTSddguz9dO9ngb+E5aScyg7nOeJDrF1HPYu555gmza3bDGMPhmVXL8svDSoqPCsCPjb265yG/kLKQ==}
    engines: {node: '>=18'}
    cpu: [arm64]
    os: [win32]

  '@esbuild/win32-ia32@0.25.4':
    resolution: {integrity: sha512-i1sW+1i+oWvQzSgfRcxxG2k4I9n3O9NRqy8U+uugaT2Dy7kLO9Y7wI72haOahxceMX8hZAzgGou1FhndRldxRg==}
    engines: {node: '>=18'}
    cpu: [ia32]
    os: [win32]

  '@esbuild/win32-x64@0.25.4':
    resolution: {integrity: sha512-nOT2vZNw6hJ+z43oP1SPea/G/6AbN6X+bGNhNuq8NtRHy4wsMhw765IKLNmnjek7GvjWBYQ8Q5VBoYTFg9y1UQ==}
    engines: {node: '>=18'}
    cpu: [x64]
    os: [win32]

  '@msgpackr-extract/msgpackr-extract-darwin-arm64@3.0.3':
    resolution: {integrity: sha512-QZHtlVgbAdy2zAqNA9Gu1UpIuI8Xvsd1v8ic6B2pZmeFnFcMWiPLfWXh7TVw4eGEZ/C9TH281KwhVoeQUKbyjw==}
    cpu: [arm64]
    os: [darwin]

  '@msgpackr-extract/msgpackr-extract-darwin-x64@3.0.3':
    resolution: {integrity: sha512-mdzd3AVzYKuUmiWOQ8GNhl64/IoFGol569zNRdkLReh6LRLHOXxU4U8eq0JwaD8iFHdVGqSy4IjFL4reoWCDFw==}
    cpu: [x64]
    os: [darwin]

  '@msgpackr-extract/msgpackr-extract-linux-arm64@3.0.3':
    resolution: {integrity: sha512-YxQL+ax0XqBJDZiKimS2XQaf+2wDGVa1enVRGzEvLLVFeqa5kx2bWbtcSXgsxjQB7nRqqIGFIcLteF/sHeVtQg==}
    cpu: [arm64]
    os: [linux]

  '@msgpackr-extract/msgpackr-extract-linux-arm@3.0.3':
    resolution: {integrity: sha512-fg0uy/dG/nZEXfYilKoRe7yALaNmHoYeIoJuJ7KJ+YyU2bvY8vPv27f7UKhGRpY6euFYqEVhxCFZgAUNQBM3nw==}
    cpu: [arm]
    os: [linux]

  '@msgpackr-extract/msgpackr-extract-linux-x64@3.0.3':
    resolution: {integrity: sha512-cvwNfbP07pKUfq1uH+S6KJ7dT9K8WOE4ZiAcsrSes+UY55E/0jLYc+vq+DO7jlmqRb5zAggExKm0H7O/CBaesg==}
    cpu: [x64]
    os: [linux]

  '@msgpackr-extract/msgpackr-extract-win32-x64@3.0.3':
    resolution: {integrity: sha512-x0fWaQtYp4E6sktbsdAqnehxDgEc/VwM7uLsRCYWaiGu0ykYdZPiS8zCWdnjHwyiumousxfBm4SO31eXqwEZhQ==}
    cpu: [x64]
    os: [win32]

  '@opentelemetry/semantic-conventions@1.34.0':
    resolution: {integrity: sha512-aKcOkyrorBGlajjRdVoJWHTxfxO1vCNHLJVlSDaRHDIdjU+pX8IYQPvPDkYiujKLbRnWU+1TBwEt0QRgSm4SGA==}
    engines: {node: '>=14'}

  '@parcel/watcher-android-arm64@2.5.1':
    resolution: {integrity: sha512-KF8+j9nNbUN8vzOFDpRMsaKBHZ/mcjEjMToVMJOhTozkDonQFFrRcfdLWn6yWKCmJKmdVxSgHiYvTCef4/qcBA==}
    engines: {node: '>= 10.0.0'}
    cpu: [arm64]
    os: [android]

  '@parcel/watcher-darwin-arm64@2.5.1':
    resolution: {integrity: sha512-eAzPv5osDmZyBhou8PoF4i6RQXAfeKL9tjb3QzYuccXFMQU0ruIc/POh30ePnaOyD1UXdlKguHBmsTs53tVoPw==}
    engines: {node: '>= 10.0.0'}
    cpu: [arm64]
    os: [darwin]

  '@parcel/watcher-darwin-x64@2.5.1':
    resolution: {integrity: sha512-1ZXDthrnNmwv10A0/3AJNZ9JGlzrF82i3gNQcWOzd7nJ8aj+ILyW1MTxVk35Db0u91oD5Nlk9MBiujMlwmeXZg==}
    engines: {node: '>= 10.0.0'}
    cpu: [x64]
    os: [darwin]

  '@parcel/watcher-freebsd-x64@2.5.1':
    resolution: {integrity: sha512-SI4eljM7Flp9yPuKi8W0ird8TI/JK6CSxju3NojVI6BjHsTyK7zxA9urjVjEKJ5MBYC+bLmMcbAWlZ+rFkLpJQ==}
    engines: {node: '>= 10.0.0'}
    cpu: [x64]
    os: [freebsd]

  '@parcel/watcher-linux-arm-glibc@2.5.1':
    resolution: {integrity: sha512-RCdZlEyTs8geyBkkcnPWvtXLY44BCeZKmGYRtSgtwwnHR4dxfHRG3gR99XdMEdQ7KeiDdasJwwvNSF5jKtDwdA==}
    engines: {node: '>= 10.0.0'}
    cpu: [arm]
    os: [linux]

  '@parcel/watcher-linux-arm-musl@2.5.1':
    resolution: {integrity: sha512-6E+m/Mm1t1yhB8X412stiKFG3XykmgdIOqhjWj+VL8oHkKABfu/gjFj8DvLrYVHSBNC+/u5PeNrujiSQ1zwd1Q==}
    engines: {node: '>= 10.0.0'}
    cpu: [arm]
    os: [linux]

  '@parcel/watcher-linux-arm64-glibc@2.5.1':
    resolution: {integrity: sha512-LrGp+f02yU3BN9A+DGuY3v3bmnFUggAITBGriZHUREfNEzZh/GO06FF5u2kx8x+GBEUYfyTGamol4j3m9ANe8w==}
    engines: {node: '>= 10.0.0'}
    cpu: [arm64]
    os: [linux]

  '@parcel/watcher-linux-arm64-musl@2.5.1':
    resolution: {integrity: sha512-cFOjABi92pMYRXS7AcQv9/M1YuKRw8SZniCDw0ssQb/noPkRzA+HBDkwmyOJYp5wXcsTrhxO0zq1U11cK9jsFg==}
    engines: {node: '>= 10.0.0'}
    cpu: [arm64]
    os: [linux]

  '@parcel/watcher-linux-x64-glibc@2.5.1':
    resolution: {integrity: sha512-GcESn8NZySmfwlTsIur+49yDqSny2IhPeZfXunQi48DMugKeZ7uy1FX83pO0X22sHntJ4Ub+9k34XQCX+oHt2A==}
    engines: {node: '>= 10.0.0'}
    cpu: [x64]
    os: [linux]

  '@parcel/watcher-linux-x64-musl@2.5.1':
    resolution: {integrity: sha512-n0E2EQbatQ3bXhcH2D1XIAANAcTZkQICBPVaxMeaCVBtOpBZpWJuf7LwyWPSBDITb7In8mqQgJ7gH8CILCURXg==}
    engines: {node: '>= 10.0.0'}
    cpu: [x64]
    os: [linux]

  '@parcel/watcher-win32-arm64@2.5.1':
    resolution: {integrity: sha512-RFzklRvmc3PkjKjry3hLF9wD7ppR4AKcWNzH7kXR7GUe0Igb3Nz8fyPwtZCSquGrhU5HhUNDr/mKBqj7tqA2Vw==}
    engines: {node: '>= 10.0.0'}
    cpu: [arm64]
    os: [win32]

  '@parcel/watcher-win32-ia32@2.5.1':
    resolution: {integrity: sha512-c2KkcVN+NJmuA7CGlaGD1qJh1cLfDnQsHjE89E60vUEMlqduHGCdCLJCID5geFVM0dOtA3ZiIO8BoEQmzQVfpQ==}
    engines: {node: '>= 10.0.0'}
    cpu: [ia32]
    os: [win32]

  '@parcel/watcher-win32-x64@2.5.1':
    resolution: {integrity: sha512-9lHBdJITeNR++EvSQVUcaZoWupyHfXe1jZvGZ06O/5MflPcuPLtEphScIBL+AiCWBO46tDSHzWyD0uDmmZqsgA==}
    engines: {node: '>= 10.0.0'}
    cpu: [x64]
    os: [win32]

  '@parcel/watcher@2.5.1':
    resolution: {integrity: sha512-dfUnCxiN9H4ap84DvD2ubjw+3vUNpstxa0TneY/Paat8a3R4uQZDLSvWjmznAY/DoahqTHl9V46HF/Zs3F29pg==}
    engines: {node: '>= 10.0.0'}

  '@sapphire/async-queue@1.5.5':
    resolution: {integrity: sha512-cvGzxbba6sav2zZkH8GPf2oGk9yYoD5qrNWdu9fRehifgnFZJMV+nuy2nON2roRO4yQQ+v7MK/Pktl/HgfsUXg==}
    engines: {node: '>=v14.0.0', npm: '>=7.0.0'}

  '@sapphire/shapeshift@4.0.0':
    resolution: {integrity: sha512-d9dUmWVA7MMiKobL3VpLF8P2aeanRTu6ypG2OIaEv/ZHH/SUQ2iHOVyi5wAPjQ+HmnMuL0whK9ez8I/raWbtIg==}
    engines: {node: '>=v16'}

  '@sapphire/snowflake@3.5.3':
    resolution: {integrity: sha512-jjmJywLAFoWeBi1W7994zZyiNWPIiqRRNAmSERxyg93xRGzNYvGjlZ0gR6x0F4gPRi2+0O6S71kOZYyr3cxaIQ==}
    engines: {node: '>=v14.0.0', npm: '>=7.0.0'}

  '@standard-schema/spec@1.0.0':
    resolution: {integrity: sha512-m2bOd0f2RT9k8QJx1JN85cZYyH1RqFBdlwtkSlf4tBDYLCiiZnv1fIIwacK6cqwXavOydf0NPToMQgpKq+dVlA==}

  '@types/node@22.15.18':
    resolution: {integrity: sha512-v1DKRfUdyW+jJhZNEI1PYy29S2YRxMV5AOO/x/SjKmW0acCIOqmbj6Haf9eHAhsPmrhlHSxEhv/1WszcLWV4cg==}

  '@types/ws@8.18.1':
    resolution: {integrity: sha512-ThVF6DCVhA8kUGy+aazFQ4kXQ7E1Ty7A3ypFOe0IcJV8O/M511G99AW24irKrW56Wt44yG9+ij8FaqoBGkuBXg==}

  '@vladfrangu/async_event_emitter@2.4.6':
    resolution: {integrity: sha512-RaI5qZo6D2CVS6sTHFKg1v5Ohq/+Bo2LZ5gzUEwZ/WkHhwtGTCB/sVLw8ijOkAUxasZ+WshN/Rzj4ywsABJ5ZA==}
    engines: {node: '>=v14.0.0', npm: '>=7.0.0'}

  braces@3.0.3:
    resolution: {integrity: sha512-yQbXgO/OSZVD2IsiLlro+7Hf6Q18EJrKSEsdoMzKePKXct3gvD8oLcOQdIzGupr5Fj+EDe8gO/lxc1BzfMpxvA==}
    engines: {node: '>=8'}

  cross-spawn@7.0.6:
    resolution: {integrity: sha512-uV2QOWP2nWzsy2aMp8aRibhi9dlzF5Hgh5SHaB9OiTGEyDTiJJyx0uy51QXdyWbtAHNua4XJzUKca3OzKUd3vA==}
    engines: {node: '>= 8'}

  detect-libc@1.0.3:
    resolution: {integrity: sha512-pGjwhsmsp4kL2RTz08wcOlGN83otlqHeD/Z5T8GXZB+/YcpQ/dgo+lbU8ZsGxV0HIvqqxo9l7mqYwyYMD9bKDg==}
    engines: {node: '>=0.10'}
    hasBin: true

  detect-libc@2.0.4:
    resolution: {integrity: sha512-3UDv+G9CsCKO1WKMGw9fwq/SWJYbI0c5Y7LU1AXYoDdbhE2AHQ6N6Nb34sG8Fj7T5APy8qXDCKuuIHd1BR0tVA==}
    engines: {node: '>=8'}

  discord-api-types@0.38.8:
    resolution: {integrity: sha512-xuRXPD44FcbKHrQK15FS1HFlMRNJtsaZou/SVws18vQ7zHqmlxyDktMkZpyvD6gE2ctGOVYC/jUyoMMAyBWfcw==}

  discord.js@14.19.3:
    resolution: {integrity: sha512-lncTRk0k+8Q5D3nThnODBR8fR8x2fM798o8Vsr40Krx0DjPwpZCuxxTcFMrXMQVOqM1QB9wqWgaXPg3TbmlHqA==}
    engines: {node: '>=18'}

  dotenv-cli@8.0.0:
    resolution: {integrity: sha512-aLqYbK7xKOiTMIRf1lDPbI+Y+Ip/wo5k3eyp6ePysVaSqbyxjyK3dK35BTxG+rmd7djf5q2UPs4noPNH+cj0Qw==}
    hasBin: true

  dotenv-expand@10.0.0:
    resolution: {integrity: sha512-GopVGCpVS1UKH75VKHGuQFqS1Gusej0z4FyQkPdwjil2gNIv+LNsqBlboOzpJFZKVT95GkCyWJbBSdFEFUWI2A==}
    engines: {node: '>=12'}

  dotenv@16.5.0:
    resolution: {integrity: sha512-m/C+AwOAr9/W1UOIZUo232ejMNnJAJtYQjUbHoNTBNTJSvqzzDh7vnrei3o3r3m9blf6ZoDkvcw0VmozNRFJxg==}
    engines: {node: '>=12'}

  effect@3.16.2:
    resolution: {integrity: sha512-lOZ9Q7PUDncgOItoyD/avjiGXfxb4Ot9M49KgB89Koy6aIfyNbKxEDLsJEx6LWX6o0MH5/bKfP1XID2A9Sc/5g==}

  esbuild@0.25.4:
    resolution: {integrity: sha512-8pgjLUcUjcgDg+2Q4NYXnPbo/vncAY4UmyaCm0jZevERqCHZIaWwdJHkf8XQtu4AxSKCdvrUbT0XUr1IdZzI8Q==}
    engines: {node: '>=18'}
    hasBin: true

  fast-check@3.23.2:
    resolution: {integrity: sha512-h5+1OzzfCC3Ef7VbtKdcv7zsstUQwUDlYpUTvjeUsJAssPgLn7QzbboPtL5ro04Mq0rPOsMzl7q5hIbRs2wD1A==}
    engines: {node: '>=8.0.0'}

  fast-deep-equal@3.1.3:
    resolution: {integrity: sha512-f3qQ9oQy9j2AhBe/H9VC91wLmKBCCU/gDOnKNAYG5hswO7BLKj09Hc5HYNz9cGI++xlpDCIgDaitVs03ATR84Q==}

  fill-range@7.1.1:
    resolution: {integrity: sha512-YsGpe3WHLK8ZYi4tWDg2Jy3ebRz2rXowDxnld4bkQB00cc/1Zw9AWnC0i9ztDJitivtQvaI9KaLyKrc+hBW0yg==}
    engines: {node: '>=8'}

  find-my-way-ts@0.1.5:
    resolution: {integrity: sha512-4GOTMrpGQVzsCH2ruUn2vmwzV/02zF4q+ybhCIrw/Rkt3L8KWcycdC6aJMctJzwN4fXD4SD5F/4B9Sksh5rE0A==}

  fsevents@2.3.3:
    resolution: {integrity: sha512-5xoDfX+fL7faATnagmWPpbFtwh/R77WmMMqqHGS65C3vvB0YHrgF+B1YmZ3441tMj5n63k0212XNoJwzlhffQw==}
    engines: {node: ^8.16.0 || ^10.6.0 || >=11.0.0}
    os: [darwin]

  get-tsconfig@4.10.0:
    resolution: {integrity: sha512-kGzZ3LWWQcGIAmg6iWvXn0ei6WDtV26wzHRMwDSzmAbcXrTEXxHy6IehI6/4eT6VRKyMP1eF1VqwrVUmE/LR7A==}

  is-extglob@2.1.1:
    resolution: {integrity: sha512-SbKbANkN603Vi4jEZv49LeVJMn4yGwsbzZworEoyEiutsN3nJYdbO36zfhGJ6QEDpOZIFkDtnq5JRxmvl3jsoQ==}
    engines: {node: '>=0.10.0'}

  is-glob@4.0.3:
    resolution: {integrity: sha512-xelSayHH36ZgE7ZWhli7pW34hNbNl8Ojv5KVmkJD4hBdD3th8Tfk9vYasLM+mXWOZhFkgZfxhLSnrwRr4elSSg==}
    engines: {node: '>=0.10.0'}

  is-number@7.0.0:
    resolution: {integrity: sha512-41Cifkg6e8TylSpdtTpeLVMqvSBEVzTttHvERD741+pnZ8ANv0004MRL43QKPDlK9cGvNp6NZWZUBlbGXYxxng==}
    engines: {node: '>=0.12.0'}

  isexe@2.0.0:
    resolution: {integrity: sha512-RHxMLp9lnKHGHRng9QFhRCMbYAcVpn69smSGcq3f36xjgVVWThj4qqLbTLlq7Ssj8B+fIQ1EuCEGI2lKsyQeIw==}

  lodash.snakecase@4.1.1:
    resolution: {integrity: sha512-QZ1d4xoBHYUeuouhEq3lk3Uq7ldgyFXGBhg04+oRLnIz8o9T65Eh+8YdroUwn846zchkA9yDsDl5CVVaV2nqYw==}

  lodash@4.17.21:
    resolution: {integrity: sha512-v2kDEe57lecTulaDIuNTPy3Ry4gLGJ6Z1O3vE1krgXZNrsQ+LFTGHVxVjcXPs17LhbZVGedAJv8XZ1tvj5FvSg==}

  magic-bytes.js@1.12.1:
    resolution: {integrity: sha512-ThQLOhN86ZkJ7qemtVRGYM+gRgR8GEXNli9H/PMvpnZsE44Xfh3wx9kGJaldg314v85m+bFW6WBMaVHJc/c3zA==}

  micromatch@4.0.8:
    resolution: {integrity: sha512-PXwfBhYu0hBCPw8Dn0E+WDYb7af3dSLVWKi3HGv84IdF4TyFoC0ysxFd0Goxw7nSv4T/PzEJQxsYsEiFCKo2BA==}
    engines: {node: '>=8.6'}

  mime@3.0.0:
    resolution: {integrity: sha512-jSCU7/VB1loIWBZe14aEYHU/+1UMEHoaO7qxCOVJOw9GgH72VAWppxNcjU+x9a2k3GSIBXNKxXQFqRvvZ7vr3A==}
    engines: {node: '>=10.0.0'}
    hasBin: true

  minimist@1.2.8:
    resolution: {integrity: sha512-2yyAR8qBkN3YuheJanUpWC5U3bb5osDywNB8RzDVlDwDHbocAJveqqj1u8+SVD7jkWT4yvsHCpWqqWqAxb0zCA==}

  msgpackr-extract@3.0.3:
    resolution: {integrity: sha512-P0efT1C9jIdVRefqjzOQ9Xml57zpOXnIuS+csaB4MdZbTdmGDLo8XhzBG1N7aO11gKDDkJvBLULeFTo46wwreA==}
    hasBin: true

  msgpackr@1.11.4:
    resolution: {integrity: sha512-uaff7RG9VIC4jacFW9xzL3jc0iM32DNHe4jYVycBcjUePT/Klnfj7pqtWJt9khvDFizmjN2TlYniYmSS2LIaZg==}

  multipasta@0.2.5:
    resolution: {integrity: sha512-c8eMDb1WwZcE02WVjHoOmUVk7fnKU/RmUcosHACglrWAuPQsEJv+E8430sXj6jNc1jHw0zrS16aCjQh4BcEb4A==}

  node-addon-api@7.1.1:
    resolution: {integrity: sha512-5m3bsyrjFWE1xf7nz7YXdN4udnVtXK6/Yfgn5qnahL6bCkf2yKt4k3nuTKAtT4r3IG8JNR2ncsIMdZuAzJjHQQ==}

  node-gyp-build-optional-packages@5.2.2:
    resolution: {integrity: sha512-s+w+rBWnpTMwSFbaE0UXsRlg7hU4FjekKU4eyAih5T8nJuNZT1nNsskXpxmeqSK9UzkBl6UgRlnKc8hz8IEqOw==}
    hasBin: true

  path-key@3.1.1:
    resolution: {integrity: sha512-ojmeN0qd+y0jszEtoY48r0Peq5dwMEkIlCOu6Q5f41lfkswXuKtYrhgoTpLnyIcHm24Uhqx+5Tqm2InSwLhE6Q==}
    engines: {node: '>=8'}

  picomatch@2.3.1:
    resolution: {integrity: sha512-JU3teHTNjmE2VCGFzuY8EXzCDVwEqB2a8fsIvwaStHhAWJEeVd1o1QD80CU6+ZdEXXSLbSsuLwJjkCBWqRQUVA==}
    engines: {node: '>=8.6'}

  pure-rand@6.1.0:
    resolution: {integrity: sha512-bVWawvoZoBYpp6yIoQtQXHZjmz35RSVHnUOTefl8Vcjr8snTPY1wnpSPMWekcFwbxI6gtmT7rSYPFvz71ldiOA==}

  resolve-pkg-maps@1.0.0:
    resolution: {integrity: sha512-seS2Tj26TBVOC2NIc2rOe2y2ZO7efxITtLZcGSOnHHNOQ7CkiUBfw0Iw2ck6xkIhPwLhKNLS8BO+hEpngQlqzw==}

  shebang-command@2.0.0:
    resolution: {integrity: sha512-kHxr2zZpYtdmrN1qDjrrX/Z1rR1kG8Dx+gkpK1G4eXmvXswmcE1hTWBWYUzlraYw1/yZp6YuDY77YtvbN0dmDA==}
    engines: {node: '>=8'}

  shebang-regex@3.0.0:
    resolution: {integrity: sha512-7++dFhtcx3353uBaq8DDR4NuxBetBzC7ZQOhmTQInHEd6bSrXdiEyzCvG07Z44UYdLShWUyXt5M/yhz8ekcb1A==}
    engines: {node: '>=8'}

  to-regex-range@5.0.1:
    resolution: {integrity: sha512-65P7iz6X5yEr1cwcgvQxbbIw7Uk3gOy5dIdtZ4rDveLqhrdJP+Li/Hx6tyK0NEb+2GCyneCMJiGqrADCSNk8sQ==}
    engines: {node: '>=8.0'}

  ts-mixer@6.0.4:
    resolution: {integrity: sha512-ufKpbmrugz5Aou4wcr5Wc1UUFWOLhq+Fm6qa6P0w0K5Qw2yhaUoiWszhCVuNQyNwrlGiscHOmqYoAox1PtvgjA==}

  tslib@2.8.1:
    resolution: {integrity: sha512-oJFu94HQb+KVduSUQL7wnpmqnfmLsOA/nAh6b6EH0wCEoK0/mPeXU6c3wKDV83MkOuHPRHtSXKKU99IBazS/2w==}

  tsx@4.19.4:
    resolution: {integrity: sha512-gK5GVzDkJK1SI1zwHf32Mqxf2tSJkNx+eYcNly5+nHvWqXUJYUkWBQtKauoESz3ymezAI++ZwT855x5p5eop+Q==}
    engines: {node: '>=18.0.0'}
    hasBin: true

  typescript@5.8.3:
    resolution: {integrity: sha512-p1diW6TqL9L07nNxvRMM7hMMw4c5XOo/1ibL4aAIGmSAt9slTE1Xgw5KWuof2uTOvCg9BY7ZRi+GaF+7sfgPeQ==}
    engines: {node: '>=14.17'}
    hasBin: true

  undici-types@6.21.0:
    resolution: {integrity: sha512-iwDZqg0QAGrg9Rav5H4n0M64c3mkR59cJ6wQp+7C4nI0gsmExaedaYLNO44eT4AtBBwjbTiGPMlt2Md0T9H9JQ==}

  undici@6.21.1:
    resolution: {integrity: sha512-q/1rj5D0/zayJB2FraXdaWxbhWiNKDvu8naDT2dl1yTlvJp4BLtOcp2a5BvgGNQpYYJzau7tf1WgKv3b+7mqpQ==}
    engines: {node: '>=18.17'}

  undici@7.10.0:
    resolution: {integrity: sha512-u5otvFBOBZvmdjWLVW+5DAc9Nkq8f24g0O9oY7qw2JVIF1VocIFoyz9JFkuVOS2j41AufeO0xnlweJ2RLT8nGw==}
    engines: {node: '>=20.18.1'}

  uuid@11.1.0:
    resolution: {integrity: sha512-0/A9rDy9P7cJ+8w1c9WD9V//9Wj15Ce2MPz8Ri6032usz+NfePxx5AcN3bN+r6ZL6jEo066/yNYB3tn4pQEx+A==}
    hasBin: true

  which@2.0.2:
    resolution: {integrity: sha512-BLI3Tl1TW3Pvl70l3yq3Y64i+awpwXqsGBYWkkqMtnbXgrMD+yj7rhW0kuEDxzJaYXGjEW5ogapKNMEKNMjibA==}
    engines: {node: '>= 8'}
    hasBin: true

  ws@8.18.2:
    resolution: {integrity: sha512-DMricUmwGZUVr++AEAe2uiVM7UoO9MAVZMDu05UQOaUII0lp+zOzLLU4Xqh/JvTqklB1T4uELaaPBKyjE1r4fQ==}
    engines: {node: '>=10.0.0'}
    peerDependencies:
      bufferutil: ^4.0.1
      utf-8-validate: '>=5.0.2'
    peerDependenciesMeta:
      bufferutil:
        optional: true
      utf-8-validate:
        optional: true

snapshots:

  '@discordjs/builders@1.11.2':
    dependencies:
      '@discordjs/formatters': 0.6.1
      '@discordjs/util': 1.1.1
      '@sapphire/shapeshift': 4.0.0
      discord-api-types: 0.38.8
      fast-deep-equal: 3.1.3
      ts-mixer: 6.0.4
      tslib: 2.8.1

  '@discordjs/collection@1.5.3': {}

  '@discordjs/collection@2.1.1': {}

  '@discordjs/formatters@0.6.1':
    dependencies:
      discord-api-types: 0.38.8

  '@discordjs/rest@2.5.0':
    dependencies:
      '@discordjs/collection': 2.1.1
      '@discordjs/util': 1.1.1
      '@sapphire/async-queue': 1.5.5
      '@sapphire/snowflake': 3.5.3
      '@vladfrangu/async_event_emitter': 2.4.6
      discord-api-types: 0.38.8
      magic-bytes.js: 1.12.1
      tslib: 2.8.1
      undici: 6.21.1

  '@discordjs/util@1.1.1': {}

  '@discordjs/ws@1.2.2':
    dependencies:
      '@discordjs/collection': 2.1.1
      '@discordjs/rest': 2.5.0
      '@discordjs/util': 1.1.1
      '@sapphire/async-queue': 1.5.5
      '@types/ws': 8.18.1
      '@vladfrangu/async_event_emitter': 2.4.6
      discord-api-types: 0.38.8
      tslib: 2.8.1
      ws: 8.18.2
    transitivePeerDependencies:
      - bufferutil
      - utf-8-validate

  '@effect/cluster@0.36.3(@effect/platform@0.84.3(effect@3.16.2))(@effect/rpc@0.61.3(@effect/platform@0.84.3(effect@3.16.2))(effect@3.16.2))(@effect/sql@0.37.3(@effect/experimental@0.48.3(@effect/platform@0.84.3(effect@3.16.2))(effect@3.16.2))(@effect/platform@0.84.3(effect@3.16.2))(effect@3.16.2))(effect@3.16.2)':
    dependencies:
      '@effect/platform': 0.84.3(effect@3.16.2)
      '@effect/rpc': 0.61.3(@effect/platform@0.84.3(effect@3.16.2))(effect@3.16.2)
      '@effect/sql': 0.37.3(@effect/experimental@0.48.3(@effect/platform@0.84.3(effect@3.16.2))(effect@3.16.2))(@effect/platform@0.84.3(effect@3.16.2))(effect@3.16.2)
      effect: 3.16.2

  '@effect/experimental@0.48.3(@effect/platform@0.84.3(effect@3.16.2))(effect@3.16.2)':
    dependencies:
      '@effect/platform': 0.84.3(effect@3.16.2)
      effect: 3.16.2
      uuid: 11.1.0

  '@effect/platform-node-shared@0.37.3(@effect/cluster@0.36.3(@effect/platform@0.84.3(effect@3.16.2))(@effect/rpc@0.61.3(@effect/platform@0.84.3(effect@3.16.2))(effect@3.16.2))(@effect/sql@0.37.3(@effect/experimental@0.48.3(@effect/platform@0.84.3(effect@3.16.2))(effect@3.16.2))(@effect/platform@0.84.3(effect@3.16.2))(effect@3.16.2))(effect@3.16.2))(@effect/platform@0.84.3(effect@3.16.2))(@effect/rpc@0.61.3(@effect/platform@0.84.3(effect@3.16.2))(effect@3.16.2))(@effect/sql@0.37.3(@effect/experimental@0.48.3(@effect/platform@0.84.3(effect@3.16.2))(effect@3.16.2))(@effect/platform@0.84.3(effect@3.16.2))(effect@3.16.2))(effect@3.16.2)':
    dependencies:
      '@effect/cluster': 0.36.3(@effect/platform@0.84.3(effect@3.16.2))(@effect/rpc@0.61.3(@effect/platform@0.84.3(effect@3.16.2))(effect@3.16.2))(@effect/sql@0.37.3(@effect/experimental@0.48.3(@effect/platform@0.84.3(effect@3.16.2))(effect@3.16.2))(@effect/platform@0.84.3(effect@3.16.2))(effect@3.16.2))(effect@3.16.2)
      '@effect/platform': 0.84.3(effect@3.16.2)
      '@effect/rpc': 0.61.3(@effect/platform@0.84.3(effect@3.16.2))(effect@3.16.2)
      '@effect/sql': 0.37.3(@effect/experimental@0.48.3(@effect/platform@0.84.3(effect@3.16.2))(effect@3.16.2))(@effect/platform@0.84.3(effect@3.16.2))(effect@3.16.2)
      '@parcel/watcher': 2.5.1
      effect: 3.16.2
      multipasta: 0.2.5
      ws: 8.18.2
    transitivePeerDependencies:
      - bufferutil
      - utf-8-validate

  '@effect/platform-node@0.83.3(@effect/cluster@0.36.3(@effect/platform@0.84.3(effect@3.16.2))(@effect/rpc@0.61.3(@effect/platform@0.84.3(effect@3.16.2))(effect@3.16.2))(@effect/sql@0.37.3(@effect/experimental@0.48.3(@effect/platform@0.84.3(effect@3.16.2))(effect@3.16.2))(@effect/platform@0.84.3(effect@3.16.2))(effect@3.16.2))(effect@3.16.2))(@effect/platform@0.84.3(effect@3.16.2))(@effect/rpc@0.61.3(@effect/platform@0.84.3(effect@3.16.2))(effect@3.16.2))(@effect/sql@0.37.3(@effect/experimental@0.48.3(@effect/platform@0.84.3(effect@3.16.2))(effect@3.16.2))(@effect/platform@0.84.3(effect@3.16.2))(effect@3.16.2))(effect@3.16.2)':
    dependencies:
      '@effect/cluster': 0.36.3(@effect/platform@0.84.3(effect@3.16.2))(@effect/rpc@0.61.3(@effect/platform@0.84.3(effect@3.16.2))(effect@3.16.2))(@effect/sql@0.37.3(@effect/experimental@0.48.3(@effect/platform@0.84.3(effect@3.16.2))(effect@3.16.2))(@effect/platform@0.84.3(effect@3.16.2))(effect@3.16.2))(effect@3.16.2)
      '@effect/platform': 0.84.3(effect@3.16.2)
      '@effect/platform-node-shared': 0.37.3(@effect/cluster@0.36.3(@effect/platform@0.84.3(effect@3.16.2))(@effect/rpc@0.61.3(@effect/platform@0.84.3(effect@3.16.2))(effect@3.16.2))(@effect/sql@0.37.3(@effect/experimental@0.48.3(@effect/platform@0.84.3(effect@3.16.2))(effect@3.16.2))(@effect/platform@0.84.3(effect@3.16.2))(effect@3.16.2))(effect@3.16.2))(@effect/platform@0.84.3(effect@3.16.2))(@effect/rpc@0.61.3(@effect/platform@0.84.3(effect@3.16.2))(effect@3.16.2))(@effect/sql@0.37.3(@effect/experimental@0.48.3(@effect/platform@0.84.3(effect@3.16.2))(effect@3.16.2))(@effect/platform@0.84.3(effect@3.16.2))(effect@3.16.2))(effect@3.16.2)
      '@effect/rpc': 0.61.3(@effect/platform@0.84.3(effect@3.16.2))(effect@3.16.2)
      '@effect/sql': 0.37.3(@effect/experimental@0.48.3(@effect/platform@0.84.3(effect@3.16.2))(effect@3.16.2))(@effect/platform@0.84.3(effect@3.16.2))(effect@3.16.2)
      effect: 3.16.2
      mime: 3.0.0
      undici: 7.10.0
      ws: 8.18.2
    transitivePeerDependencies:
      - bufferutil
      - utf-8-validate

  '@effect/platform@0.84.3(effect@3.16.2)':
    dependencies:
      effect: 3.16.2
      find-my-way-ts: 0.1.5
      msgpackr: 1.11.4
      multipasta: 0.2.5

  '@effect/rpc@0.61.3(@effect/platform@0.84.3(effect@3.16.2))(effect@3.16.2)':
    dependencies:
      '@effect/platform': 0.84.3(effect@3.16.2)
      effect: 3.16.2

  '@effect/sql@0.37.3(@effect/experimental@0.48.3(@effect/platform@0.84.3(effect@3.16.2))(effect@3.16.2))(@effect/platform@0.84.3(effect@3.16.2))(effect@3.16.2)':
    dependencies:
      '@effect/experimental': 0.48.3(@effect/platform@0.84.3(effect@3.16.2))(effect@3.16.2)
      '@effect/platform': 0.84.3(effect@3.16.2)
      '@opentelemetry/semantic-conventions': 1.34.0
      effect: 3.16.2
      uuid: 11.1.0

  '@esbuild/aix-ppc64@0.25.4':
    optional: true

  '@esbuild/android-arm64@0.25.4':
    optional: true

  '@esbuild/android-arm@0.25.4':
    optional: true

  '@esbuild/android-x64@0.25.4':
    optional: true

  '@esbuild/darwin-arm64@0.25.4':
    optional: true

  '@esbuild/darwin-x64@0.25.4':
    optional: true

  '@esbuild/freebsd-arm64@0.25.4':
    optional: true

  '@esbuild/freebsd-x64@0.25.4':
    optional: true

  '@esbuild/linux-arm64@0.25.4':
    optional: true

  '@esbuild/linux-arm@0.25.4':
    optional: true

  '@esbuild/linux-ia32@0.25.4':
    optional: true

  '@esbuild/linux-loong64@0.25.4':
    optional: true

  '@esbuild/linux-mips64el@0.25.4':
    optional: true

  '@esbuild/linux-ppc64@0.25.4':
    optional: true

  '@esbuild/linux-riscv64@0.25.4':
    optional: true

  '@esbuild/linux-s390x@0.25.4':
    optional: true

  '@esbuild/linux-x64@0.25.4':
    optional: true

  '@esbuild/netbsd-arm64@0.25.4':
    optional: true

  '@esbuild/netbsd-x64@0.25.4':
    optional: true

  '@esbuild/openbsd-arm64@0.25.4':
    optional: true

  '@esbuild/openbsd-x64@0.25.4':
    optional: true

  '@esbuild/sunos-x64@0.25.4':
    optional: true

  '@esbuild/win32-arm64@0.25.4':
    optional: true

  '@esbuild/win32-ia32@0.25.4':
    optional: true

  '@esbuild/win32-x64@0.25.4':
    optional: true

  '@msgpackr-extract/msgpackr-extract-darwin-arm64@3.0.3':
    optional: true

  '@msgpackr-extract/msgpackr-extract-darwin-x64@3.0.3':
    optional: true

  '@msgpackr-extract/msgpackr-extract-linux-arm64@3.0.3':
    optional: true

  '@msgpackr-extract/msgpackr-extract-linux-arm@3.0.3':
    optional: true

  '@msgpackr-extract/msgpackr-extract-linux-x64@3.0.3':
    optional: true

  '@msgpackr-extract/msgpackr-extract-win32-x64@3.0.3':
    optional: true

  '@opentelemetry/semantic-conventions@1.34.0': {}

  '@parcel/watcher-android-arm64@2.5.1':
    optional: true

  '@parcel/watcher-darwin-arm64@2.5.1':
    optional: true

  '@parcel/watcher-darwin-x64@2.5.1':
    optional: true

  '@parcel/watcher-freebsd-x64@2.5.1':
    optional: true

  '@parcel/watcher-linux-arm-glibc@2.5.1':
    optional: true

  '@parcel/watcher-linux-arm-musl@2.5.1':
    optional: true

  '@parcel/watcher-linux-arm64-glibc@2.5.1':
    optional: true

  '@parcel/watcher-linux-arm64-musl@2.5.1':
    optional: true

  '@parcel/watcher-linux-x64-glibc@2.5.1':
    optional: true

  '@parcel/watcher-linux-x64-musl@2.5.1':
    optional: true

  '@parcel/watcher-win32-arm64@2.5.1':
    optional: true

  '@parcel/watcher-win32-ia32@2.5.1':
    optional: true

  '@parcel/watcher-win32-x64@2.5.1':
    optional: true

  '@parcel/watcher@2.5.1':
    dependencies:
      detect-libc: 1.0.3
      is-glob: 4.0.3
      micromatch: 4.0.8
      node-addon-api: 7.1.1
    optionalDependencies:
      '@parcel/watcher-android-arm64': 2.5.1
      '@parcel/watcher-darwin-arm64': 2.5.1
      '@parcel/watcher-darwin-x64': 2.5.1
      '@parcel/watcher-freebsd-x64': 2.5.1
      '@parcel/watcher-linux-arm-glibc': 2.5.1
      '@parcel/watcher-linux-arm-musl': 2.5.1
      '@parcel/watcher-linux-arm64-glibc': 2.5.1
      '@parcel/watcher-linux-arm64-musl': 2.5.1
      '@parcel/watcher-linux-x64-glibc': 2.5.1
      '@parcel/watcher-linux-x64-musl': 2.5.1
      '@parcel/watcher-win32-arm64': 2.5.1
      '@parcel/watcher-win32-ia32': 2.5.1
      '@parcel/watcher-win32-x64': 2.5.1

  '@sapphire/async-queue@1.5.5': {}

  '@sapphire/shapeshift@4.0.0':
    dependencies:
      fast-deep-equal: 3.1.3
      lodash: 4.17.21

  '@sapphire/snowflake@3.5.3': {}

  '@standard-schema/spec@1.0.0': {}

  '@types/node@22.15.18':
    dependencies:
      undici-types: 6.21.0

  '@types/ws@8.18.1':
    dependencies:
      '@types/node': 22.15.18

  '@vladfrangu/async_event_emitter@2.4.6': {}

  braces@3.0.3:
    dependencies:
      fill-range: 7.1.1

  cross-spawn@7.0.6:
    dependencies:
      path-key: 3.1.1
      shebang-command: 2.0.0
      which: 2.0.2

  detect-libc@1.0.3: {}

  detect-libc@2.0.4:
    optional: true

  discord-api-types@0.38.8: {}

  discord.js@14.19.3:
    dependencies:
      '@discordjs/builders': 1.11.2
      '@discordjs/collection': 1.5.3
      '@discordjs/formatters': 0.6.1
      '@discordjs/rest': 2.5.0
      '@discordjs/util': 1.1.1
      '@discordjs/ws': 1.2.2
      '@sapphire/snowflake': 3.5.3
      discord-api-types: 0.38.8
      fast-deep-equal: 3.1.3
      lodash.snakecase: 4.1.1
      magic-bytes.js: 1.12.1
      tslib: 2.8.1
      undici: 6.21.1
    transitivePeerDependencies:
      - bufferutil
      - utf-8-validate

  dotenv-cli@8.0.0:
    dependencies:
      cross-spawn: 7.0.6
      dotenv: 16.5.0
      dotenv-expand: 10.0.0
      minimist: 1.2.8

  dotenv-expand@10.0.0: {}

  dotenv@16.5.0: {}

  effect@3.16.2:
    dependencies:
      '@standard-schema/spec': 1.0.0
      fast-check: 3.23.2

  esbuild@0.25.4:
    optionalDependencies:
      '@esbuild/aix-ppc64': 0.25.4
      '@esbuild/android-arm': 0.25.4
      '@esbuild/android-arm64': 0.25.4
      '@esbuild/android-x64': 0.25.4
      '@esbuild/darwin-arm64': 0.25.4
      '@esbuild/darwin-x64': 0.25.4
      '@esbuild/freebsd-arm64': 0.25.4
      '@esbuild/freebsd-x64': 0.25.4
      '@esbuild/linux-arm': 0.25.4
      '@esbuild/linux-arm64': 0.25.4
      '@esbuild/linux-ia32': 0.25.4
      '@esbuild/linux-loong64': 0.25.4
      '@esbuild/linux-mips64el': 0.25.4
      '@esbuild/linux-ppc64': 0.25.4
      '@esbuild/linux-riscv64': 0.25.4
      '@esbuild/linux-s390x': 0.25.4
      '@esbuild/linux-x64': 0.25.4
      '@esbuild/netbsd-arm64': 0.25.4
      '@esbuild/netbsd-x64': 0.25.4
      '@esbuild/openbsd-arm64': 0.25.4
      '@esbuild/openbsd-x64': 0.25.4
      '@esbuild/sunos-x64': 0.25.4
      '@esbuild/win32-arm64': 0.25.4
      '@esbuild/win32-ia32': 0.25.4
      '@esbuild/win32-x64': 0.25.4

  fast-check@3.23.2:
    dependencies:
      pure-rand: 6.1.0

  fast-deep-equal@3.1.3: {}

  fill-range@7.1.1:
    dependencies:
      to-regex-range: 5.0.1

  find-my-way-ts@0.1.5: {}

  fsevents@2.3.3:
    optional: true

  get-tsconfig@4.10.0:
    dependencies:
      resolve-pkg-maps: 1.0.0

  is-extglob@2.1.1: {}

  is-glob@4.0.3:
    dependencies:
      is-extglob: 2.1.1

  is-number@7.0.0: {}

  isexe@2.0.0: {}

  lodash.snakecase@4.1.1: {}

  lodash@4.17.21: {}

  magic-bytes.js@1.12.1: {}

  micromatch@4.0.8:
    dependencies:
      braces: 3.0.3
      picomatch: 2.3.1

  mime@3.0.0: {}

  minimist@1.2.8: {}

  msgpackr-extract@3.0.3:
    dependencies:
      node-gyp-build-optional-packages: 5.2.2
    optionalDependencies:
      '@msgpackr-extract/msgpackr-extract-darwin-arm64': 3.0.3
      '@msgpackr-extract/msgpackr-extract-darwin-x64': 3.0.3
      '@msgpackr-extract/msgpackr-extract-linux-arm': 3.0.3
      '@msgpackr-extract/msgpackr-extract-linux-arm64': 3.0.3
      '@msgpackr-extract/msgpackr-extract-linux-x64': 3.0.3
      '@msgpackr-extract/msgpackr-extract-win32-x64': 3.0.3
    optional: true

  msgpackr@1.11.4:
    optionalDependencies:
      msgpackr-extract: 3.0.3

  multipasta@0.2.5: {}

  node-addon-api@7.1.1: {}

  node-gyp-build-optional-packages@5.2.2:
    dependencies:
      detect-libc: 2.0.4
    optional: true

  path-key@3.1.1: {}

  picomatch@2.3.1: {}

  pure-rand@6.1.0: {}

  resolve-pkg-maps@1.0.0: {}

  shebang-command@2.0.0:
    dependencies:
      shebang-regex: 3.0.0

  shebang-regex@3.0.0: {}

  to-regex-range@5.0.1:
    dependencies:
      is-number: 7.0.0

  ts-mixer@6.0.4: {}

  tslib@2.8.1: {}

  tsx@4.19.4:
    dependencies:
      esbuild: 0.25.4
      get-tsconfig: 4.10.0
    optionalDependencies:
      fsevents: 2.3.3

  typescript@5.8.3: {}

  undici-types@6.21.0: {}

  undici@6.21.1: {}

  undici@7.10.0: {}

  uuid@11.1.0: {}

  which@2.0.2:
    dependencies:
      isexe: 2.0.0

  ws@8.18.2: {}
